<?xml version="1.0" encoding="UTF-8" standalone="yes" ?>
<CodeBlocks_project_file>
   <FileVersion major="1" minor="6" />
   <Project>
      <Option title="tor_node_lookup_test" />
      <Option makefile_is_custom="1" />
      <Option compiler="gcc" />
      <Option virtualFolders="CMake Files\;CMake Files\..\;CMake Files\..\..\;CMake Files\..\..\..\;CMake Files\..\..\..\..\;CMake Files\..\..\..\..\..\;CMake Files\..\..\..\..\..\..\;CMake Files\..\..\..\..\..\..\..\;CMake Files\..\..\..\..\..\..\..\Qt5.9.7\;CMake Files\..\..\..\..\..\..\..\Qt5.9.7\5.9.7\;CMake Files\..\..\..\..\..\..\..\Qt5.9.7\5.9.7\gcc_64\;CMake Files\..\..\..\..\..\..\..\Qt5.9.7\5.9.7\gcc_64\lib\;CMake Files\..\..\..\..\..\..\..\Qt5.9.7\5.9.7\gcc_64\lib\cmake\;CMake Files\..\..\..\..\..\..\..\Qt5.9.7\5.9.7\gcc_64\lib\cmake\Qt5Core\;CMake Files\..\..\..\..\..\..\..\Qt5.9.7\5.9.7\gcc_64\lib\cmake\Qt5Network\;" />
      <Build>
      <Target title="all">
         <Option working_dir="/home/developer/github/torrc_utility/torrc_utility/torrc_utility/test/tor_lookup_node_test/build-tor_node_lookup_test-Desktop_Qt_5_9_7_GCC_64bit-Default" />
         <Option type="4" />
         <MakeCommands>
            <Build command="/usr/bin/make -f &quot;/home/developer/github/torrc_utility/torrc_utility/torrc_utility/test/tor_lookup_node_test/build-tor_node_lookup_test-Desktop_Qt_5_9_7_GCC_64bit-Default/Makefile&quot;  VERBOSE=1 all" />
            <CompileFile command="/usr/bin/make -f &quot;/home/developer/github/torrc_utility/torrc_utility/torrc_utility/test/tor_lookup_node_test/build-tor_node_lookup_test-Desktop_Qt_5_9_7_GCC_64bit-Default/Makefile&quot;  VERBOSE=1 &quot;$file&quot;" />
            <Clean command="/usr/bin/make -f &quot;/home/developer/github/torrc_utility/torrc_utility/torrc_utility/test/tor_lookup_node_test/build-tor_node_lookup_test-Desktop_Qt_5_9_7_GCC_64bit-Default/Makefile&quot;  VERBOSE=1 clean" />
            <DistClean command="/usr/bin/make -f &quot;/home/developer/github/torrc_utility/torrc_utility/torrc_utility/test/tor_lookup_node_test/build-tor_node_lookup_test-Desktop_Qt_5_9_7_GCC_64bit-Default/Makefile&quot;  VERBOSE=1 clean" />
         </MakeCommands>
      </Target>
      <Target title="test">
         <Option working_dir="/home/developer/github/torrc_utility/torrc_utility/torrc_utility/test/tor_lookup_node_test/build-tor_node_lookup_test-Desktop_Qt_5_9_7_GCC_64bit-Default" />
         <Option type="4" />
         <MakeCommands>
            <Build command="/usr/bin/make -f &quot;/home/developer/github/torrc_utility/torrc_utility/torrc_utility/test/tor_lookup_node_test/build-tor_node_lookup_test-Desktop_Qt_5_9_7_GCC_64bit-Default/Makefile&quot;  VERBOSE=1 test" />
            <CompileFile command="/usr/bin/make -f &quot;/home/developer/github/torrc_utility/torrc_utility/torrc_utility/test/tor_lookup_node_test/build-tor_node_lookup_test-Desktop_Qt_5_9_7_GCC_64bit-Default/Makefile&quot;  VERBOSE=1 &quot;$file&quot;" />
            <Clean command="/usr/bin/make -f &quot;/home/developer/github/torrc_utility/torrc_utility/torrc_utility/test/tor_lookup_node_test/build-tor_node_lookup_test-Desktop_Qt_5_9_7_GCC_64bit-Default/Makefile&quot;  VERBOSE=1 clean" />
            <DistClean command="/usr/bin/make -f &quot;/home/developer/github/torrc_utility/torrc_utility/torrc_utility/test/tor_lookup_node_test/build-tor_node_lookup_test-Desktop_Qt_5_9_7_GCC_64bit-Default/Makefile&quot;  VERBOSE=1 clean" />
         </MakeCommands>
      </Target>
      <Target title="edit_cache">
         <Option working_dir="/home/developer/github/torrc_utility/torrc_utility/torrc_utility/test/tor_lookup_node_test/build-tor_node_lookup_test-Desktop_Qt_5_9_7_GCC_64bit-Default" />
         <Option type="4" />
         <MakeCommands>
            <Build command="/usr/bin/make -f &quot;/home/developer/github/torrc_utility/torrc_utility/torrc_utility/test/tor_lookup_node_test/build-tor_node_lookup_test-Desktop_Qt_5_9_7_GCC_64bit-Default/Makefile&quot;  VERBOSE=1 edit_cache" />
            <CompileFile command="/usr/bin/make -f &quot;/home/developer/github/torrc_utility/torrc_utility/torrc_utility/test/tor_lookup_node_test/build-tor_node_lookup_test-Desktop_Qt_5_9_7_GCC_64bit-Default/Makefile&quot;  VERBOSE=1 &quot;$file&quot;" />
            <Clean command="/usr/bin/make -f &quot;/home/developer/github/torrc_utility/torrc_utility/torrc_utility/test/tor_lookup_node_test/build-tor_node_lookup_test-Desktop_Qt_5_9_7_GCC_64bit-Default/Makefile&quot;  VERBOSE=1 clean" />
            <DistClean command="/usr/bin/make -f &quot;/home/developer/github/torrc_utility/torrc_utility/torrc_utility/test/tor_lookup_node_test/build-tor_node_lookup_test-Desktop_Qt_5_9_7_GCC_64bit-Default/Makefile&quot;  VERBOSE=1 clean" />
         </MakeCommands>
      </Target>
      <Target title="rebuild_cache">
         <Option working_dir="/home/developer/github/torrc_utility/torrc_utility/torrc_utility/test/tor_lookup_node_test/build-tor_node_lookup_test-Desktop_Qt_5_9_7_GCC_64bit-Default" />
         <Option type="4" />
         <MakeCommands>
            <Build command="/usr/bin/make -f &quot;/home/developer/github/torrc_utility/torrc_utility/torrc_utility/test/tor_lookup_node_test/build-tor_node_lookup_test-Desktop_Qt_5_9_7_GCC_64bit-Default/Makefile&quot;  VERBOSE=1 rebuild_cache" />
            <CompileFile command="/usr/bin/make -f &quot;/home/developer/github/torrc_utility/torrc_utility/torrc_utility/test/tor_lookup_node_test/build-tor_node_lookup_test-Desktop_Qt_5_9_7_GCC_64bit-Default/Makefile&quot;  VERBOSE=1 &quot;$file&quot;" />
            <Clean command="/usr/bin/make -f &quot;/home/developer/github/torrc_utility/torrc_utility/torrc_utility/test/tor_lookup_node_test/build-tor_node_lookup_test-Desktop_Qt_5_9_7_GCC_64bit-Default/Makefile&quot;  VERBOSE=1 clean" />
            <DistClean command="/usr/bin/make -f &quot;/home/developer/github/torrc_utility/torrc_utility/torrc_utility/test/tor_lookup_node_test/build-tor_node_lookup_test-Desktop_Qt_5_9_7_GCC_64bit-Default/Makefile&quot;  VERBOSE=1 clean" />
         </MakeCommands>
      </Target>
      <Target title="tor_node_lookup_test">
         <Option output="/home/developer/github/torrc_utility/torrc_utility/torrc_utility/test/tor_lookup_node_test/build-tor_node_lookup_test-Desktop_Qt_5_9_7_GCC_64bit-Default/tor_node_lookup_test" prefix_auto="0" extension_auto="0" />
         <Option working_dir="/home/developer/github/torrc_utility/torrc_utility/torrc_utility/test/tor_lookup_node_test/build-tor_node_lookup_test-Desktop_Qt_5_9_7_GCC_64bit-Default" />
         <Option object_output="./" />
         <Option type="1" />
         <Option compiler="gcc" />
         <Compiler>
            <Add option="-DQT_CORE_LIB" />
            <Add option="-DQT_NO_DEBUG" />
            <Add option="-DQT_NETWORK_LIB" />
            <Add directory="/home/developer/Qt5.9.7/5.9.7/gcc_64/./mkspecs/linux-g++" />
            <Add directory="/home/developer/Qt5.9.7/5.9.7/gcc_64/include" />
            <Add directory="/home/developer/Qt5.9.7/5.9.7/gcc_64/include/QtCore" />
            <Add directory="/home/developer/Qt5.9.7/5.9.7/gcc_64/include/QtNetwork" />
            <Add directory="/home/developer/github/torrc_utility/torrc_utility/torrc_utility/test/tor_lookup_node_test/build-tor_node_lookup_test-Desktop_Qt_5_9_7_GCC_64bit-Default" />
            <Add directory="/home/developer/github/torrc_utility/torrc_utility/torrc_utility/test/tor_lookup_node_test/tor_node_lookup_test" />
            <Add directory="/home/developer/github/torrc_utility/torrc_utility/torrc_utility/test/tor_lookup_node_test/tor_node_lookup_test/../../.." />
            <Add directory="/usr/include" />
            <Add directory="/usr/include/c++/5" />
            <Add directory="/usr/include/c++/5/backward" />
            <Add directory="/usr/include/x86_64-linux-gnu" />
            <Add directory="/usr/include/x86_64-linux-gnu/c++/5" />
            <Add directory="/usr/lib/gcc/x86_64-linux-gnu/5/include" />
            <Add directory="/usr/lib/gcc/x86_64-linux-gnu/5/include-fixed" />
            <Add directory="/usr/local/include" />
         </Compiler>
         <MakeCommands>
            <Build command="/usr/bin/make -f &quot;/home/developer/github/torrc_utility/torrc_utility/torrc_utility/test/tor_lookup_node_test/build-tor_node_lookup_test-Desktop_Qt_5_9_7_GCC_64bit-Default/Makefile&quot;  VERBOSE=1 tor_node_lookup_test" />
            <CompileFile command="/usr/bin/make -f &quot;/home/developer/github/torrc_utility/torrc_utility/torrc_utility/test/tor_lookup_node_test/build-tor_node_lookup_test-Desktop_Qt_5_9_7_GCC_64bit-Default/Makefile&quot;  VERBOSE=1 &quot;$file&quot;" />
            <Clean command="/usr/bin/make -f &quot;/home/developer/github/torrc_utility/torrc_utility/torrc_utility/test/tor_lookup_node_test/build-tor_node_lookup_test-Desktop_Qt_5_9_7_GCC_64bit-Default/Makefile&quot;  VERBOSE=1 clean" />
            <DistClean command="/usr/bin/make -f &quot;/home/developer/github/torrc_utility/torrc_utility/torrc_utility/test/tor_lookup_node_test/build-tor_node_lookup_test-Desktop_Qt_5_9_7_GCC_64bit-Default/Makefile&quot;  VERBOSE=1 clean" />
         </MakeCommands>
      </Target>
      <Target title="tor_node_lookup_test/fast">
         <Option output="/home/developer/github/torrc_utility/torrc_utility/torrc_utility/test/tor_lookup_node_test/build-tor_node_lookup_test-Desktop_Qt_5_9_7_GCC_64bit-Default/tor_node_lookup_test" prefix_auto="0" extension_auto="0" />
         <Option working_dir="/home/developer/github/torrc_utility/torrc_utility/torrc_utility/test/tor_lookup_node_test/build-tor_node_lookup_test-Desktop_Qt_5_9_7_GCC_64bit-Default" />
         <Option object_output="./" />
         <Option type="1" />
         <Option compiler="gcc" />
         <Compiler>
            <Add option="-DQT_CORE_LIB" />
            <Add option="-DQT_NO_DEBUG" />
            <Add option="-DQT_NETWORK_LIB" />
            <Add directory="/home/developer/Qt5.9.7/5.9.7/gcc_64/./mkspecs/linux-g++" />
            <Add directory="/home/developer/Qt5.9.7/5.9.7/gcc_64/include" />
            <Add directory="/home/developer/Qt5.9.7/5.9.7/gcc_64/include/QtCore" />
            <Add directory="/home/developer/Qt5.9.7/5.9.7/gcc_64/include/QtNetwork" />
            <Add directory="/home/developer/github/torrc_utility/torrc_utility/torrc_utility/test/tor_lookup_node_test/build-tor_node_lookup_test-Desktop_Qt_5_9_7_GCC_64bit-Default" />
            <Add directory="/home/developer/github/torrc_utility/torrc_utility/torrc_utility/test/tor_lookup_node_test/tor_node_lookup_test" />
            <Add directory="/home/developer/github/torrc_utility/torrc_utility/torrc_utility/test/tor_lookup_node_test/tor_node_lookup_test/../../.." />
            <Add directory="/usr/include" />
            <Add directory="/usr/include/c++/5" />
            <Add directory="/usr/include/c++/5/backward" />
            <Add directory="/usr/include/x86_64-linux-gnu" />
            <Add directory="/usr/include/x86_64-linux-gnu/c++/5" />
            <Add directory="/usr/lib/gcc/x86_64-linux-gnu/5/include" />
            <Add directory="/usr/lib/gcc/x86_64-linux-gnu/5/include-fixed" />
            <Add directory="/usr/local/include" />
         </Compiler>
         <MakeCommands>
            <Build command="/usr/bin/make -f &quot;/home/developer/github/torrc_utility/torrc_utility/torrc_utility/test/tor_lookup_node_test/build-tor_node_lookup_test-Desktop_Qt_5_9_7_GCC_64bit-Default/Makefile&quot;  VERBOSE=1 tor_node_lookup_test/fast" />
            <CompileFile command="/usr/bin/make -f &quot;/home/developer/github/torrc_utility/torrc_utility/torrc_utility/test/tor_lookup_node_test/build-tor_node_lookup_test-Desktop_Qt_5_9_7_GCC_64bit-Default/Makefile&quot;  VERBOSE=1 &quot;$file&quot;" />
            <Clean command="/usr/bin/make -f &quot;/home/developer/github/torrc_utility/torrc_utility/torrc_utility/test/tor_lookup_node_test/build-tor_node_lookup_test-Desktop_Qt_5_9_7_GCC_64bit-Default/Makefile&quot;  VERBOSE=1 clean" />
            <DistClean command="/usr/bin/make -f &quot;/home/developer/github/torrc_utility/torrc_utility/torrc_utility/test/tor_lookup_node_test/build-tor_node_lookup_test-Desktop_Qt_5_9_7_GCC_64bit-Default/Makefile&quot;  VERBOSE=1 clean" />
         </MakeCommands>
      </Target>
      <Target title="tor_node_lookup_test_automoc">
         <Option working_dir="/home/developer/github/torrc_utility/torrc_utility/torrc_utility/test/tor_lookup_node_test/build-tor_node_lookup_test-Desktop_Qt_5_9_7_GCC_64bit-Default" />
         <Option type="4" />
         <MakeCommands>
            <Build command="/usr/bin/make -f &quot;/home/developer/github/torrc_utility/torrc_utility/torrc_utility/test/tor_lookup_node_test/build-tor_node_lookup_test-Desktop_Qt_5_9_7_GCC_64bit-Default/Makefile&quot;  VERBOSE=1 tor_node_lookup_test_automoc" />
            <CompileFile command="/usr/bin/make -f &quot;/home/developer/github/torrc_utility/torrc_utility/torrc_utility/test/tor_lookup_node_test/build-tor_node_lookup_test-Desktop_Qt_5_9_7_GCC_64bit-Default/Makefile&quot;  VERBOSE=1 &quot;$file&quot;" />
            <Clean command="/usr/bin/make -f &quot;/home/developer/github/torrc_utility/torrc_utility/torrc_utility/test/tor_lookup_node_test/build-tor_node_lookup_test-Desktop_Qt_5_9_7_GCC_64bit-Default/Makefile&quot;  VERBOSE=1 clean" />
            <DistClean command="/usr/bin/make -f &quot;/home/developer/github/torrc_utility/torrc_utility/torrc_utility/test/tor_lookup_node_test/build-tor_node_lookup_test-Desktop_Qt_5_9_7_GCC_64bit-Default/Makefile&quot;  VERBOSE=1 clean" />
         </MakeCommands>
      </Target>
      </Build>
      <Unit filename="/home/developer/github/torrc_utility/torrc_utility/torrc_utility/node_lookup.cpp">
         <Option target="tor_node_lookup_test"/>
      </Unit>
      <Unit filename="/home/developer/github/torrc_utility/torrc_utility/torrc_utility/node_lookup.h">
         <Option target="tor_node_lookup_test"/>
      </Unit>
      <Unit filename="/home/developer/github/torrc_utility/torrc_utility/torrc_utility/node_lookup_interface.h">
         <Option target="tor_node_lookup_test"/>
      </Unit>
      <Unit filename="/home/developer/github/torrc_utility/torrc_utility/torrc_utility/test/tor_lookup_node_test/tor_node_lookup_test/main.cpp">
         <Option target="tor_node_lookup_test"/>
      </Unit>
      <Unit filename="/home/developer/github/torrc_utility/torrc_utility/torrc_utility/test/tor_lookup_node_test/tor_node_lookup_test/resource.qrc">
         <Option target="tor_node_lookup_test"/>
      </Unit>
      <Unit filename="/home/developer/github/torrc_utility/torrc_utility/torrc_utility/test/tor_lookup_node_test/tor_node_lookup_test/test_node_lookup.cpp">
         <Option target="tor_node_lookup_test"/>
      </Unit>
      <Unit filename="/home/developer/github/torrc_utility/torrc_utility/torrc_utility/test/tor_lookup_node_test/tor_node_lookup_test/test_node_lookup.h">
         <Option target="tor_node_lookup_test"/>
      </Unit>
      <Unit filename="/home/developer/github/torrc_utility/torrc_utility/torrc_utility/test/tor_lookup_node_test/tor_node_lookup_test/CMakeLists.txt">
          <Option virtualFolder="CMake Files\" />
      </Unit>
      <Unit filename="/home/developer/github/torrc_utility/torrc_utility/torrc_utility/test/tor_lookup_node_test/tor_node_lookup_test/resource.qrc">
          <Option virtualFolder="CMake Files\" />
      </Unit>
      <Unit filename="/home/developer/github/torrc_utility/torrc_utility/torrc_utility/test/tor_lookup_node_test/tor_node_lookup_test/../../../../../../../Qt5.9.7/5.9.7/gcc_64/lib/cmake/Qt5Core/Qt5CoreConfigVersion.cmake">
          <Option virtualFolder="CMake Files\..\..\..\..\..\..\..\Qt5.9.7\5.9.7\gcc_64\lib\cmake\Qt5Core\" />
      </Unit>
      <Unit filename="/home/developer/github/torrc_utility/torrc_utility/torrc_utility/test/tor_lookup_node_test/tor_node_lookup_test/../../../../../../../Qt5.9.7/5.9.7/gcc_64/lib/cmake/Qt5Core/Qt5CoreConfig.cmake">
          <Option virtualFolder="CMake Files\..\..\..\..\..\..\..\Qt5.9.7\5.9.7\gcc_64\lib\cmake\Qt5Core\" />
      </Unit>
      <Unit filename="/home/developer/github/torrc_utility/torrc_utility/torrc_utility/test/tor_lookup_node_test/tor_node_lookup_test/../../../../../../../Qt5.9.7/5.9.7/gcc_64/lib/cmake/Qt5Core/Qt5CoreConfigExtras.cmake">
          <Option virtualFolder="CMake Files\..\..\..\..\..\..\..\Qt5.9.7\5.9.7\gcc_64\lib\cmake\Qt5Core\" />
      </Unit>
      <Unit filename="/home/developer/github/torrc_utility/torrc_utility/torrc_utility/test/tor_lookup_node_test/tor_node_lookup_test/../../../../../../../Qt5.9.7/5.9.7/gcc_64/lib/cmake/Qt5Core/Qt5CoreConfigExtrasMkspecDir.cmake">
          <Option virtualFolder="CMake Files\..\..\..\..\..\..\..\Qt5.9.7\5.9.7\gcc_64\lib\cmake\Qt5Core\" />
      </Unit>
      <Unit filename="/home/developer/github/torrc_utility/torrc_utility/torrc_utility/test/tor_lookup_node_test/tor_node_lookup_test/../../../../../../../Qt5.9.7/5.9.7/gcc_64/lib/cmake/Qt5Core/Qt5CoreMacros.cmake">
          <Option virtualFolder="CMake Files\..\..\..\..\..\..\..\Qt5.9.7\5.9.7\gcc_64\lib\cmake\Qt5Core\" />
      </Unit>
      <Unit filename="/home/developer/github/torrc_utility/torrc_utility/torrc_utility/test/tor_lookup_node_test/tor_node_lookup_test/../../../../../../../Qt5.9.7/5.9.7/gcc_64/lib/cmake/Qt5Network/Qt5NetworkConfigVersion.cmake">
          <Option virtualFolder="CMake Files\..\..\..\..\..\..\..\Qt5.9.7\5.9.7\gcc_64\lib\cmake\Qt5Network\" />
      </Unit>
      <Unit filename="/home/developer/github/torrc_utility/torrc_utility/torrc_utility/test/tor_lookup_node_test/tor_node_lookup_test/../../../../../../../Qt5.9.7/5.9.7/gcc_64/lib/cmake/Qt5Network/Qt5NetworkConfig.cmake">
          <Option virtualFolder="CMake Files\..\..\..\..\..\..\..\Qt5.9.7\5.9.7\gcc_64\lib\cmake\Qt5Network\" />
      </Unit>
      <Unit filename="/home/developer/github/torrc_utility/torrc_utility/torrc_utility/test/tor_lookup_node_test/tor_node_lookup_test/../../../../../../../Qt5.9.7/5.9.7/gcc_64/lib/cmake/Qt5Network/Qt5Network_QConnmanEnginePlugin.cmake">
          <Option virtualFolder="CMake Files\..\..\..\..\..\..\..\Qt5.9.7\5.9.7\gcc_64\lib\cmake\Qt5Network\" />
      </Unit>
      <Unit filename="/home/developer/github/torrc_utility/torrc_utility/torrc_utility/test/tor_lookup_node_test/tor_node_lookup_test/../../../../../../../Qt5.9.7/5.9.7/gcc_64/lib/cmake/Qt5Network/Qt5Network_QGenericEnginePlugin.cmake">
          <Option virtualFolder="CMake Files\..\..\..\..\..\..\..\Qt5.9.7\5.9.7\gcc_64\lib\cmake\Qt5Network\" />
      </Unit>
      <Unit filename="/home/developer/github/torrc_utility/torrc_utility/torrc_utility/test/tor_lookup_node_test/tor_node_lookup_test/../../../../../../../Qt5.9.7/5.9.7/gcc_64/lib/cmake/Qt5Network/Qt5Network_QNetworkManagerEnginePlugin.cmake">
          <Option virtualFolder="CMake Files\..\..\..\..\..\..\..\Qt5.9.7\5.9.7\gcc_64\lib\cmake\Qt5Network\" />
      </Unit>
   </Project>
</CodeBlocks_project_file>
